
Microsoft Visual Studio Solution File, Format Version 12.00
# Visual Studio Version 16
VisualStudioVersion = 16.0.29806.167
MinimumVisualStudioVersion = 10.0.40219.1
Project("{9A19103F-16F7-4668-BE54-9A1E7A4F7556}") = "DocuSign.MyClickwrap.COVID19Waiver", "DocuSign.MyClickwrap.COVID19Waiver\DocuSign.MyClickwrap.COVID19Waiver.csproj", "{058654E2-09E5-4843-8DAD-DF07882329C9}"
EndProject
Project("{9A19103F-16F7-4668-BE54-9A1E7A4F7556}") = "DocuSign.MyClickwrap.NonDisclosureAgreement", "DocuSign.MyClickwrap.NonDisclosureAgreement\DocuSign.MyClickwrap.NonDisclosureAgreement.csproj", "{1F91FA34-64FC-4856-ADAE-34767B002ED6}"
EndProject
Project("{9A19103F-16F7-4668-BE54-9A1E7A4F7556}") = "DocuSign.MyClickwrap.TermsAndConditions", "DocuSign.MyClickwrap.TermsAndConditions\DocuSign.MyClickwrap.TermsAndConditions.csproj", "{E8F9295F-3163-4CAC-B8E2-8818F7238167}"
EndProject
Project("{9A19103F-16F7-4668-BE54-9A1E7A4F7556}") = "DocuSign.MyClickwrap.UI", "DocuSign.MyClickwrap.UI\DocuSign.MyClickwrap.UI.csproj", "{AA9209CE-30CE-42CD-B1A1-41A2B58D0DD9}"
EndProject
Project("{9A19103F-16F7-4668-BE54-9A1E7A4F7556}") = "DocuSign.MyClickwrap.COVID19Waiver.UnitTests", "DocuSign.MyClickwrap.COVID19Waiver.UnitTests\DocuSign.MyClickwrap.COVID19Waiver.UnitTests.csproj", "{C6EA1BFE-DB9E-4C12-900C-3F046576E317}"
EndProject
Project("{2150E333-8FDC-42A3-9474-1A3956D46DE8}") = "Solution Items", "Solution Items", "{DA6BFB96-64CF-483B-A218-FB0D16307DE6}"
	ProjectSection(SolutionItems) = preProject
		.editorconfig = .editorconfig
		nginx.conf = nginx.conf
	EndProjectSection
EndProject
Project("{9A19103F-16F7-4668-BE54-9A1E7A4F7556}") = "DocuSign.MyClickwrap.TermsAndConditions.UnitTests", "DocuSign.MyClickwrap.TermsAndConditions.UnitTests\DocuSign.MyClickwrap.TermsAndConditions.UnitTests.csproj", "{9A3C426C-EE92-4164-A673-FA40C90BBBF6}"
EndProject
Project("{E53339B2-1760-4266-BCC7-CA923CBCF16C}") = "docker-compose", "docker-compose.dcproj", "{86F87BCA-D917-4A3F-BEC0-C98C8D102107}"
EndProject
Project("{9A19103F-16F7-4668-BE54-9A1E7A4F7556}") = "DocuSign.MyClickwrap.NonDisclosureAgreement.UnitTests", "DocuSign.MyClickwrap.NonDisclosureAgreement.UnitTests\DocuSign.MyClickwrap.NonDisclosureAgreement.UnitTests.csproj", "{6E246E8F-BCF4-4986-A3B9-3586999A4B69}"
EndProject
Global
	GlobalSection(SolutionConfigurationPlatforms) = preSolution
		Debug|Any CPU = Debug|Any CPU
		Release|Any CPU = Release|Any CPU
	EndGlobalSection
	GlobalSection(ProjectConfigurationPlatforms) = postSolution
		{058654E2-09E5-4843-8DAD-DF07882329C9}.Debug|Any CPU.ActiveCfg = Debug|Any CPU
		{058654E2-09E5-4843-8DAD-DF07882329C9}.Debug|Any CPU.Build.0 = Debug|Any CPU
		{058654E2-09E5-4843-8DAD-DF07882329C9}.Release|Any CPU.ActiveCfg = Release|Any CPU
		{058654E2-09E5-4843-8DAD-DF07882329C9}.Release|Any CPU.Build.0 = Release|Any CPU
		{1F91FA34-64FC-4856-ADAE-34767B002ED6}.Debug|Any CPU.ActiveCfg = Debug|Any CPU
		{1F91FA34-64FC-4856-ADAE-34767B002ED6}.Debug|Any CPU.Build.0 = Debug|Any CPU
		{1F91FA34-64FC-4856-ADAE-34767B002ED6}.Release|Any CPU.ActiveCfg = Release|Any CPU
		{1F91FA34-64FC-4856-ADAE-34767B002ED6}.Release|Any CPU.Build.0 = Release|Any CPU
		{E8F9295F-3163-4CAC-B8E2-8818F7238167}.Debug|Any CPU.ActiveCfg = Debug|Any CPU
		{E8F9295F-3163-4CAC-B8E2-8818F7238167}.Debug|Any CPU.Build.0 = Debug|Any CPU
		{E8F9295F-3163-4CAC-B8E2-8818F7238167}.Release|Any CPU.ActiveCfg = Release|Any CPU
		{E8F9295F-3163-4CAC-B8E2-8818F7238167}.Release|Any CPU.Build.0 = Release|Any CPU
		{AA9209CE-30CE-42CD-B1A1-41A2B58D0DD9}.Debug|Any CPU.ActiveCfg = Debug|Any CPU
		{AA9209CE-30CE-42CD-B1A1-41A2B58D0DD9}.Debug|Any CPU.Build.0 = Debug|Any CPU
		{AA9209CE-30CE-42CD-B1A1-41A2B58D0DD9}.Release|Any CPU.ActiveCfg = Release|Any CPU
		{AA9209CE-30CE-42CD-B1A1-41A2B58D0DD9}.Release|Any CPU.Build.0 = Release|Any CPU
		{C6EA1BFE-DB9E-4C12-900C-3F046576E317}.Debug|Any CPU.ActiveCfg = Debug|Any CPU
		{C6EA1BFE-DB9E-4C12-900C-3F046576E317}.Debug|Any CPU.Build.0 = Debug|Any CPU
		{C6EA1BFE-DB9E-4C12-900C-3F046576E317}.Release|Any CPU.ActiveCfg = Release|Any CPU
		{C6EA1BFE-DB9E-4C12-900C-3F046576E317}.Release|Any CPU.Build.0 = Release|Any CPU
		{9A3C426C-EE92-4164-A673-FA40C90BBBF6}.Debug|Any CPU.ActiveCfg = Debug|Any CPU
		{9A3C426C-EE92-4164-A673-FA40C90BBBF6}.Debug|Any CPU.Build.0 = Debug|Any CPU
		{9A3C426C-EE92-4164-A673-FA40C90BBBF6}.Release|Any CPU.ActiveCfg = Release|Any CPU
		{9A3C426C-EE92-4164-A673-FA40C90BBBF6}.Release|Any CPU.Build.0 = Release|Any CPU
		{86F87BCA-D917-4A3F-BEC0-C98C8D102107}.Debug|Any CPU.ActiveCfg = Debug|Any CPU
		{86F87BCA-D917-4A3F-BEC0-C98C8D102107}.Debug|Any CPU.Build.0 = Debug|Any CPU
		{86F87BCA-D917-4A3F-BEC0-C98C8D102107}.Release|Any CPU.ActiveCfg = Release|Any CPU
		{86F87BCA-D917-4A3F-BEC0-C98C8D102107}.Release|Any CPU.Build.0 = Release|Any CPU
		{6E246E8F-BCF4-4986-A3B9-3586999A4B69}.Debug|Any CPU.ActiveCfg = Debug|Any CPU
		{6E246E8F-BCF4-4986-A3B9-3586999A4B69}.Debug|Any CPU.Build.0 = Debug|Any CPU
		{6E246E8F-BCF4-4986-A3B9-3586999A4B69}.Release|Any CPU.ActiveCfg = Release|Any CPU
		{6E246E8F-BCF4-4986-A3B9-3586999A4B69}.Release|Any CPU.Build.0 = Release|Any CPU
	EndGlobalSection
	GlobalSection(SolutionProperties) = preSolution
		HideSolutionNode = FALSE
	EndGlobalSection
	GlobalSection(ExtensibilityGlobals) = postSolution
		SolutionGuid = {DCF22150-28D1-4224-AA52-F3AE72D2C1BB}
	EndGlobalSection
EndGlobal
