
Microsoft Visual Studio Solution File, Format Version 12.00
# Visual Studio Version 16
VisualStudioVersion = 16.0.29806.167
MinimumVisualStudioVersion = 10.0.40219.1
Project("{9A19103F-16F7-4668-BE54-9A1E7A4F7556}") = "DocuSign.MyClick.COVID19Waiver", "DocuSign.MyClick.COVID19Waiver\DocuSign.MyClick.COVID19Waiver.csproj", "{058654E2-09E5-4843-8DAD-DF07882329C9}"
EndProject
Project("{9A19103F-16F7-4668-BE54-9A1E7A4F7556}") = "DocuSign.MyClick.NonDisclosureAgreement", "DocuSign.MyClick.NonDisclosureAgreement\DocuSign.MyClick.NonDisclosureAgreement.csproj", "{1F91FA34-64FC-4856-ADAE-34767B002ED6}"
EndProject
Project("{9A19103F-16F7-4668-BE54-9A1E7A4F7556}") = "DocuSign.MyClick.TermsAndConditions", "DocuSign.MyClick.TermsAndConditions\DocuSign.MyClick.TermsAndConditions.csproj", "{E8F9295F-3163-4CAC-B8E2-8818F7238167}"
EndProject
Project("{9A19103F-16F7-4668-BE54-9A1E7A4F7556}") = "DocuSign.MyClick.UI", "DocuSign.MyClick.UI\DocuSign.MyClick.UI.csproj", "{AA9209CE-30CE-42CD-B1A1-41A2B58D0DD9}"
EndProject
Project("{9A19103F-16F7-4668-BE54-9A1E7A4F7556}") = "DocuSign.MyClick.COVID19Waiver.UnitTests", "DocuSign.MyClick.COVID19Waiver.UnitTests\DocuSign.MyClick.COVID19Waiver.UnitTests.csproj", "{C6EA1BFE-DB9E-4C12-900C-3F046576E317}"
EndProject
Project("{2150E333-8FDC-42A3-9474-1A3956D46DE8}") = "Solution Items", "Solution Items", "{DA6BFB96-64CF-483B-A218-FB0D16307DE6}"
	ProjectSection(SolutionItems) = preProject
		.editorconfig = .editorconfig
	EndProjectSection
EndProject
Project("{9A19103F-16F7-4668-BE54-9A1E7A4F7556}") = "DocuSign.MyClick.TermsAndConditions.UnitTests", "DocuSign.MyClick.TermsAndConditions.UnitTests\DocuSign.MyClick.TermsAndConditions.UnitTests.csproj", "{9A3C426C-EE92-4164-A673-FA40C90BBBF6}"
EndProject
Project("{FAE04EC0-301F-11D3-BF4B-00C04F79EFBC}") = "DocuSign.MyClick.NonDisclosureAgreement.UnitTests", "DocuSign.MyClick.NonDisclosureAgreement.UnitTests\DocuSign.MyClick.NonDisclosureAgreement.UnitTests.csproj", "{677D3F45-F703-4D65-9587-FBA811816961}"
EndProject
Global
	GlobalSection(SolutionConfigurationPlatforms) = preSolution
		Debug|Any CPU = Debug|Any CPU
		Release|Any CPU = Release|Any CPU
	EndGlobalSection
	GlobalSection(ProjectConfigurationPlatforms) = postSolution
		{058654E2-09E5-4843-8DAD-DF07882329C9}.Debug|Any CPU.ActiveCfg = Debug|Any CPU
		{058654E2-09E5-4843-8DAD-DF07882329C9}.Debug|Any CPU.Build.0 = Debug|Any CPU
		{058654E2-09E5-4843-8DAD-DF07882329C9}.Release|Any CPU.ActiveCfg = Release|Any CPU
		{058654E2-09E5-4843-8DAD-DF07882329C9}.Release|Any CPU.Build.0 = Release|Any CPU
		{1F91FA34-64FC-4856-ADAE-34767B002ED6}.Debug|Any CPU.ActiveCfg = Debug|Any CPU
		{1F91FA34-64FC-4856-ADAE-34767B002ED6}.Debug|Any CPU.Build.0 = Debug|Any CPU
		{1F91FA34-64FC-4856-ADAE-34767B002ED6}.Release|Any CPU.ActiveCfg = Release|Any CPU
		{1F91FA34-64FC-4856-ADAE-34767B002ED6}.Release|Any CPU.Build.0 = Release|Any CPU
		{E8F9295F-3163-4CAC-B8E2-8818F7238167}.Debug|Any CPU.ActiveCfg = Debug|Any CPU
		{E8F9295F-3163-4CAC-B8E2-8818F7238167}.Debug|Any CPU.Build.0 = Debug|Any CPU
		{E8F9295F-3163-4CAC-B8E2-8818F7238167}.Release|Any CPU.ActiveCfg = Release|Any CPU
		{E8F9295F-3163-4CAC-B8E2-8818F7238167}.Release|Any CPU.Build.0 = Release|Any CPU
		{AA9209CE-30CE-42CD-B1A1-41A2B58D0DD9}.Debug|Any CPU.ActiveCfg = Debug|Any CPU
		{AA9209CE-30CE-42CD-B1A1-41A2B58D0DD9}.Debug|Any CPU.Build.0 = Debug|Any CPU
		{AA9209CE-30CE-42CD-B1A1-41A2B58D0DD9}.Release|Any CPU.ActiveCfg = Release|Any CPU
		{AA9209CE-30CE-42CD-B1A1-41A2B58D0DD9}.Release|Any CPU.Build.0 = Release|Any CPU
		{C6EA1BFE-DB9E-4C12-900C-3F046576E317}.Debug|Any CPU.ActiveCfg = Debug|Any CPU
		{C6EA1BFE-DB9E-4C12-900C-3F046576E317}.Debug|Any CPU.Build.0 = Debug|Any CPU
		{C6EA1BFE-DB9E-4C12-900C-3F046576E317}.Release|Any CPU.ActiveCfg = Release|Any CPU
		{C6EA1BFE-DB9E-4C12-900C-3F046576E317}.Release|Any CPU.Build.0 = Release|Any CPU
		{9A3C426C-EE92-4164-A673-FA40C90BBBF6}.Debug|Any CPU.ActiveCfg = Debug|Any CPU
		{9A3C426C-EE92-4164-A673-FA40C90BBBF6}.Debug|Any CPU.Build.0 = Debug|Any CPU
		{9A3C426C-EE92-4164-A673-FA40C90BBBF6}.Release|Any CPU.ActiveCfg = Release|Any CPU
		{9A3C426C-EE92-4164-A673-FA40C90BBBF6}.Release|Any CPU.Build.0 = Release|Any CPU
		{677D3F45-F703-4D65-9587-FBA811816961}.Debug|Any CPU.ActiveCfg = Debug|Any CPU
		{677D3F45-F703-4D65-9587-FBA811816961}.Debug|Any CPU.Build.0 = Debug|Any CPU
		{677D3F45-F703-4D65-9587-FBA811816961}.Release|Any CPU.ActiveCfg = Release|Any CPU
		{677D3F45-F703-4D65-9587-FBA811816961}.Release|Any CPU.Build.0 = Release|Any CPU
	EndGlobalSection
	GlobalSection(SolutionProperties) = preSolution
		HideSolutionNode = FALSE
	EndGlobalSection
	GlobalSection(ExtensibilityGlobals) = postSolution
		SolutionGuid = {DCF22150-28D1-4224-AA52-F3AE72D2C1BB}
	EndGlobalSection
EndGlobal
